
Microsoft Visual Studio Solution File, Format Version 12.00
# Visual Studio 15
VisualStudioVersion = 15.0.27004.2009
MinimumVisualStudioVersion = 10.0.40219.1
Project("{FAE04EC0-301F-11D3-BF4B-00C04F79EFBC}") = "PollyTestUI", "PollyTestUI\PollyTestUI.csproj", "{D2EE4699-E7F1-43B0-9A65-8CD545586587}"
EndProject
Project("{FAE04EC0-301F-11D3-BF4B-00C04F79EFBC}") = "PollyDataTestApi", "PollyDataTestApi\PollyDataTestApi.csproj", "{24A46B5C-C726-479E-A740-E45DC40C1D3E}"
EndProject
Project("{FAE04EC0-301F-11D3-BF4B-00C04F79EFBC}") = "PollyOpenCircuitApi", "PollyOpenCircuitApi\PollyOpenCircuitApi.csproj", "{AA621AC5-D786-4DA7-B00F-27BF208A2883}"
EndProject
Global
	GlobalSection(SolutionConfigurationPlatforms) = preSolution
		Debug|Any CPU = Debug|Any CPU
		Release|Any CPU = Release|Any CPU
	EndGlobalSection
	GlobalSection(ProjectConfigurationPlatforms) = postSolution
		{D2EE4699-E7F1-43B0-9A65-8CD545586587}.Debug|Any CPU.ActiveCfg = Debug|Any CPU
		{D2EE4699-E7F1-43B0-9A65-8CD545586587}.Debug|Any CPU.Build.0 = Debug|Any CPU
		{D2EE4699-E7F1-43B0-9A65-8CD545586587}.Release|Any CPU.ActiveCfg = Release|Any CPU
		{D2EE4699-E7F1-43B0-9A65-8CD545586587}.Release|Any CPU.Build.0 = Release|Any CPU
		{24A46B5C-C726-479E-A740-E45DC40C1D3E}.Debug|Any CPU.ActiveCfg = Debug|Any CPU
		{24A46B5C-C726-479E-A740-E45DC40C1D3E}.Debug|Any CPU.Build.0 = Debug|Any CPU
		{24A46B5C-C726-479E-A740-E45DC40C1D3E}.Release|Any CPU.ActiveCfg = Release|Any CPU
		{24A46B5C-C726-479E-A740-E45DC40C1D3E}.Release|Any CPU.Build.0 = Release|Any CPU
		{AA621AC5-D786-4DA7-B00F-27BF208A2883}.Debug|Any CPU.ActiveCfg = Debug|Any CPU
		{AA621AC5-D786-4DA7-B00F-27BF208A2883}.Debug|Any CPU.Build.0 = Debug|Any CPU
		{AA621AC5-D786-4DA7-B00F-27BF208A2883}.Release|Any CPU.ActiveCfg = Release|Any CPU
		{AA621AC5-D786-4DA7-B00F-27BF208A2883}.Release|Any CPU.Build.0 = Release|Any CPU
	EndGlobalSection
	GlobalSection(SolutionProperties) = preSolution
		HideSolutionNode = FALSE
	EndGlobalSection
	GlobalSection(ExtensibilityGlobals) = postSolution
		SolutionGuid = {AD14B2DB-F655-4418-AB72-D2F26132BD10}
	EndGlobalSection
EndGlobal
